
Microsoft Visual Studio Solution File, Format Version 12.00
# Visual Studio Version 16
VisualStudioVersion = 16.0.28803.452
MinimumVisualStudioVersion = 10.0.40219.1
Project("{FAE04EC0-301F-11D3-BF4B-00C04F79EFBC}") = "Market", "Market\Market.csproj", "{95867516-B239-43A6-9435-3518233CC12A}"
EndProject
Global
	GlobalSection(SolutionConfigurationPlatforms) = preSolution
		Debug|Any CPU = Debug|Any CPU
		Release|Any CPU = Release|Any CPU
	EndGlobalSection
	GlobalSection(ProjectConfigurationPlatforms) = postSolution
		{95867516-B239-43A6-9435-3518233CC12A}.Debug|Any CPU.ActiveCfg = Debug|Any CPU
		{95867516-B239-43A6-9435-3518233CC12A}.Debug|Any CPU.Build.0 = Debug|Any CPU
		{95867516-B239-43A6-9435-3518233CC12A}.Release|Any CPU.ActiveCfg = Release|Any CPU
		{95867516-B239-43A6-9435-3518233CC12A}.Release|Any CPU.Build.0 = Release|Any CPU
	EndGlobalSection
	GlobalSection(SolutionProperties) = preSolution
		HideSolutionNode = FALSE
	EndGlobalSection
	GlobalSection(ExtensibilityGlobals) = postSolution
		SolutionGuid = {10611D22-84AB-41AF-A93B-18ACFF98A4D2}
	EndGlobalSection
EndGlobal
